
Microsoft Visual Studio Solution File, Format Version 12.00
# Visual Studio 2012
Project("{FAE04EC0-301F-11D3-BF4B-00C04F79EFBC}") = "TareaHerencia", "TareaHerencia\TareaHerencia.csproj", "{0BEE10BE-9BB9-4E45-858B-7FBA1990A33D}"
EndProject
Global
	GlobalSection(SolutionConfigurationPlatforms) = preSolution
		Debug|Any CPU = Debug|Any CPU
		Release|Any CPU = Release|Any CPU
	EndGlobalSection
	GlobalSection(ProjectConfigurationPlatforms) = postSolution
		{0BEE10BE-9BB9-4E45-858B-7FBA1990A33D}.Debug|Any CPU.ActiveCfg = Debug|Any CPU
		{0BEE10BE-9BB9-4E45-858B-7FBA1990A33D}.Debug|Any CPU.Build.0 = Debug|Any CPU
		{0BEE10BE-9BB9-4E45-858B-7FBA1990A33D}.Release|Any CPU.ActiveCfg = Release|Any CPU
		{0BEE10BE-9BB9-4E45-858B-7FBA1990A33D}.Release|Any CPU.Build.0 = Release|Any CPU
	EndGlobalSection
	GlobalSection(SolutionProperties) = preSolution
		HideSolutionNode = FALSE
	EndGlobalSection
EndGlobal
